# This file is autogenerated, do not edit; changes may be undone by the next 'dep ensure'.


[[projects]]
  digest = "1:c3957c9c9dc7beb125fdc93c920957d0305fe66dc48712a600f8790ce9354254"
  name = "github.com/go-cmd/cmd"
  packages = ["."]
  pruneopts = "UT"
  revision = "db1a8287640cedff487674c2f4439805b58f42aa"
  version = "v1.0.4"

[[projects]]
  branch = "master"
  digest = "1:288453580cfb900f3aa91faf60a5ba879e08f6cdb48eb0238258a939f9ca51e9"
  name = "github.com/jeremywohl/flatten"
  packages = ["."]
  pruneopts = "UT"
  revision = "588fe0d4c603f5dc8b3854ff3f7f16e570618ef7"

[[projects]]
  branch = "master"
  digest = "1:f6ac2717450734afcc4e759d2df591e50cbd0920e84037d6c7ff0c4d53503153"
  name = "github.com/kassybas/shell-exec"
  packages = ["exec"]
  pruneopts = "UT"
  revision = "2817118f94262bf5239d705a107182c061c52a82"

[[projects]]
  digest = "1:31e761d97c76151dde79e9d28964a812c46efc5baee4085b86f68f0c654450de"
  name = "github.com/konsorten/go-windows-terminal-sequences"
  packages = ["."]
  pruneopts = "UT"
  revision = "f55edac94c9bbba5d6182a4be46d86a2c9b5b50e"
  version = "v1.0.2"

[[projects]]
  digest = "1:04457f9f6f3ffc5fea48e71d62f2ca256637dee0a04d710288e27e05c8b41976"
  name = "github.com/sirupsen/logrus"
  packages = ["."]
  pruneopts = "UT"
  revision = "839c75faf7f98a33d445d181f3018b5c3409a45e"
  version = "v1.4.2"

[[projects]]
  digest = "1:b24d38b282bacf9791408a080f606370efa3d364e4b5fd9ba0f7b87786d3b679"
  name = "github.com/urfave/cli"
  packages = ["."]
  pruneopts = "UT"
  revision = "cfb38830724cc34fedffe9a2a29fb54fa9169cd1"
  version = "v1.20.0"

[[projects]]
  branch = "master"
  digest = "1:730ba27cd66db3b98ec8f51a6f20d45ec277d490cca36b1f54e31d3fcaf4840e"
  name = "golang.org/x/sys"
  packages = ["unix"]
  pruneopts = "UT"
  revision = "04f50cda93cbb67f2afa353c52f342100e80e625"

[[projects]]
  digest = "1:4d2e5a73dc1500038e504a8d78b986630e3626dc027bc030ba5c75da257cdb96"
  name = "gopkg.in/yaml.v2"
  packages = ["."]
  pruneopts = "UT"
  revision = "51d6538a90f86fe93ac480b35f37b2be17fef232"
  version = "v2.2.2"

[solve-meta]
  analyzer-name = "dep"
  analyzer-version = 1
  input-imports = [
    "github.com/jeremywohl/flatten",
    "github.com/kassybas/shell-exec/exec",
    "github.com/sirupsen/logrus",
    "github.com/urfave/cli",
    "gopkg.in/yaml.v2",
  ]
  solver-name = "gps-cdcl"
  solver-version = 1
